
Microsoft Visual Studio Solution File, Format Version 12.00
# Visual Studio Version 16
VisualStudioVersion = 16.0.29509.3
MinimumVisualStudioVersion = 10.0.40219.1
Project("{FAE04EC0-301F-11D3-BF4B-00C04F79EFBC}") = "Lab06", "WpfApp2\Lab06.csproj", "{7ED92818-F460-47DB-A596-A16CBB5AF846}"
EndProject
Project("{FAE04EC0-301F-11D3-BF4B-00C04F79EFBC}") = "MyAPP", "MyAPP\MyAPP.csproj", "{42DBC162-1830-4445-8E04-41791E5FB8F1}"
EndProject
Project("{FAE04EC0-301F-11D3-BF4B-00C04F79EFBC}") = "Muc6.1", "Muc6\Muc6.1.csproj", "{41171E9D-44BC-481C-A24F-4DCCA7EA2AB7}"
EndProject
Project("{FAE04EC0-301F-11D3-BF4B-00C04F79EFBC}") = "Muc6.2", "Muc6.2\Muc6.2.csproj", "{759FC26B-5A43-44ED-9B3A-D23E4C61239F}"
EndProject
Project("{FAE04EC0-301F-11D3-BF4B-00C04F79EFBC}") = "UniformGrid", "UniformGrid\UniformGrid.csproj", "{704A8DDF-BF89-429D-A93B-5AFA125EA69E}"
EndProject
Project("{FAE04EC0-301F-11D3-BF4B-00C04F79EFBC}") = "Canvas1", "Canvas\Canvas1.csproj", "{94D27DD0-81F5-4367-AB7A-454A448FBD0E}"
EndProject
Project("{FAE04EC0-301F-11D3-BF4B-00C04F79EFBC}") = "Canvas2", "Canvas2\Canvas2.csproj", "{43187F6D-DB56-45F3-B47E-3C333967387D}"
EndProject
Project("{FAE04EC0-301F-11D3-BF4B-00C04F79EFBC}") = "DockPanel1", "DockPanel\DockPanel1.csproj", "{16D9D7ED-BBAB-4D84-8F18-930BF97F34AC}"
EndProject
Project("{FAE04EC0-301F-11D3-BF4B-00C04F79EFBC}") = "DockPanel2", "DockPanel2\DockPanel2.csproj", "{90A4E089-9490-4418-915E-156CCBEE1F9C}"
EndProject
Project("{FAE04EC0-301F-11D3-BF4B-00C04F79EFBC}") = "DockPanel3", "DockPanel3\DockPanel3.csproj", "{2DFA4D60-A0C3-4612-B90F-0FB07FA27A81}"
EndProject
Project("{FAE04EC0-301F-11D3-BF4B-00C04F79EFBC}") = "Canvas3", "Canvas3\Canvas3.csproj", "{55723177-7FB8-4B7F-899F-1E21D17A79C8}"
EndProject
Project("{FAE04EC0-301F-11D3-BF4B-00C04F79EFBC}") = "StackPanel1", "StackPanel1\StackPanel1.csproj", "{F111BA35-3516-44DE-BD3F-4D3F3F03D5EE}"
EndProject
Project("{FAE04EC0-301F-11D3-BF4B-00C04F79EFBC}") = "StackPanel2", "StackPanel2\StackPanel2.csproj", "{23FC0DE4-9069-4B04-9A09-0048E8A2F0D0}"
EndProject
Project("{FAE04EC0-301F-11D3-BF4B-00C04F79EFBC}") = "StackPanel3", "StackPanel3\StackPanel3.csproj", "{E7D02802-33A8-4FFE-88DA-559EE4382278}"
EndProject
Project("{FAE04EC0-301F-11D3-BF4B-00C04F79EFBC}") = "StackPanel4", "StackPanel4\StackPanel4.csproj", "{69D432BF-2B40-4FAE-AE5D-2B82AC83AF44}"
EndProject
Project("{FAE04EC0-301F-11D3-BF4B-00C04F79EFBC}") = "StackPanel5", "StackPanel5\StackPanel5.csproj", "{37ADFE9A-73E5-4888-BD01-71366FCBDB39}"
EndProject
Project("{FAE04EC0-301F-11D3-BF4B-00C04F79EFBC}") = "WrapPanel1", "WrapPanel1\WrapPanel1.csproj", "{F513BC79-1C5D-4DA9-8479-CD2F9336F503}"
EndProject
Project("{FAE04EC0-301F-11D3-BF4B-00C04F79EFBC}") = "WrapPanel2", "WrapPanel\WrapPanel2.csproj", "{6943DD99-7643-43AE-809E-C984C0283741}"
EndProject
Global
	GlobalSection(SolutionConfigurationPlatforms) = preSolution
		Debug|Any CPU = Debug|Any CPU
		Release|Any CPU = Release|Any CPU
	EndGlobalSection
	GlobalSection(ProjectConfigurationPlatforms) = postSolution
		{7ED92818-F460-47DB-A596-A16CBB5AF846}.Debug|Any CPU.ActiveCfg = Debug|Any CPU
		{7ED92818-F460-47DB-A596-A16CBB5AF846}.Debug|Any CPU.Build.0 = Debug|Any CPU
		{7ED92818-F460-47DB-A596-A16CBB5AF846}.Release|Any CPU.ActiveCfg = Release|Any CPU
		{7ED92818-F460-47DB-A596-A16CBB5AF846}.Release|Any CPU.Build.0 = Release|Any CPU
		{42DBC162-1830-4445-8E04-41791E5FB8F1}.Debug|Any CPU.ActiveCfg = Debug|Any CPU
		{42DBC162-1830-4445-8E04-41791E5FB8F1}.Debug|Any CPU.Build.0 = Debug|Any CPU
		{42DBC162-1830-4445-8E04-41791E5FB8F1}.Release|Any CPU.ActiveCfg = Release|Any CPU
		{42DBC162-1830-4445-8E04-41791E5FB8F1}.Release|Any CPU.Build.0 = Release|Any CPU
		{41171E9D-44BC-481C-A24F-4DCCA7EA2AB7}.Debug|Any CPU.ActiveCfg = Debug|Any CPU
		{41171E9D-44BC-481C-A24F-4DCCA7EA2AB7}.Debug|Any CPU.Build.0 = Debug|Any CPU
		{41171E9D-44BC-481C-A24F-4DCCA7EA2AB7}.Release|Any CPU.ActiveCfg = Release|Any CPU
		{41171E9D-44BC-481C-A24F-4DCCA7EA2AB7}.Release|Any CPU.Build.0 = Release|Any CPU
		{759FC26B-5A43-44ED-9B3A-D23E4C61239F}.Debug|Any CPU.ActiveCfg = Debug|Any CPU
		{759FC26B-5A43-44ED-9B3A-D23E4C61239F}.Debug|Any CPU.Build.0 = Debug|Any CPU
		{759FC26B-5A43-44ED-9B3A-D23E4C61239F}.Release|Any CPU.ActiveCfg = Release|Any CPU
		{759FC26B-5A43-44ED-9B3A-D23E4C61239F}.Release|Any CPU.Build.0 = Release|Any CPU
		{704A8DDF-BF89-429D-A93B-5AFA125EA69E}.Debug|Any CPU.ActiveCfg = Debug|Any CPU
		{704A8DDF-BF89-429D-A93B-5AFA125EA69E}.Debug|Any CPU.Build.0 = Debug|Any CPU
		{704A8DDF-BF89-429D-A93B-5AFA125EA69E}.Release|Any CPU.ActiveCfg = Release|Any CPU
		{704A8DDF-BF89-429D-A93B-5AFA125EA69E}.Release|Any CPU.Build.0 = Release|Any CPU
		{94D27DD0-81F5-4367-AB7A-454A448FBD0E}.Debug|Any CPU.ActiveCfg = Debug|Any CPU
		{94D27DD0-81F5-4367-AB7A-454A448FBD0E}.Debug|Any CPU.Build.0 = Debug|Any CPU
		{94D27DD0-81F5-4367-AB7A-454A448FBD0E}.Release|Any CPU.ActiveCfg = Release|Any CPU
		{94D27DD0-81F5-4367-AB7A-454A448FBD0E}.Release|Any CPU.Build.0 = Release|Any CPU
		{43187F6D-DB56-45F3-B47E-3C333967387D}.Debug|Any CPU.ActiveCfg = Debug|Any CPU
		{43187F6D-DB56-45F3-B47E-3C333967387D}.Debug|Any CPU.Build.0 = Debug|Any CPU
		{43187F6D-DB56-45F3-B47E-3C333967387D}.Release|Any CPU.ActiveCfg = Release|Any CPU
		{43187F6D-DB56-45F3-B47E-3C333967387D}.Release|Any CPU.Build.0 = Release|Any CPU
		{16D9D7ED-BBAB-4D84-8F18-930BF97F34AC}.Debug|Any CPU.ActiveCfg = Debug|Any CPU
		{16D9D7ED-BBAB-4D84-8F18-930BF97F34AC}.Debug|Any CPU.Build.0 = Debug|Any CPU
		{16D9D7ED-BBAB-4D84-8F18-930BF97F34AC}.Release|Any CPU.ActiveCfg = Release|Any CPU
		{16D9D7ED-BBAB-4D84-8F18-930BF97F34AC}.Release|Any CPU.Build.0 = Release|Any CPU
		{90A4E089-9490-4418-915E-156CCBEE1F9C}.Debug|Any CPU.ActiveCfg = Debug|Any CPU
		{90A4E089-9490-4418-915E-156CCBEE1F9C}.Debug|Any CPU.Build.0 = Debug|Any CPU
		{90A4E089-9490-4418-915E-156CCBEE1F9C}.Release|Any CPU.ActiveCfg = Release|Any CPU
		{90A4E089-9490-4418-915E-156CCBEE1F9C}.Release|Any CPU.Build.0 = Release|Any CPU
		{2DFA4D60-A0C3-4612-B90F-0FB07FA27A81}.Debug|Any CPU.ActiveCfg = Debug|Any CPU
		{2DFA4D60-A0C3-4612-B90F-0FB07FA27A81}.Debug|Any CPU.Build.0 = Debug|Any CPU
		{2DFA4D60-A0C3-4612-B90F-0FB07FA27A81}.Release|Any CPU.ActiveCfg = Release|Any CPU
		{2DFA4D60-A0C3-4612-B90F-0FB07FA27A81}.Release|Any CPU.Build.0 = Release|Any CPU
		{55723177-7FB8-4B7F-899F-1E21D17A79C8}.Debug|Any CPU.ActiveCfg = Debug|Any CPU
		{55723177-7FB8-4B7F-899F-1E21D17A79C8}.Debug|Any CPU.Build.0 = Debug|Any CPU
		{55723177-7FB8-4B7F-899F-1E21D17A79C8}.Release|Any CPU.ActiveCfg = Release|Any CPU
		{55723177-7FB8-4B7F-899F-1E21D17A79C8}.Release|Any CPU.Build.0 = Release|Any CPU
		{F111BA35-3516-44DE-BD3F-4D3F3F03D5EE}.Debug|Any CPU.ActiveCfg = Debug|Any CPU
		{F111BA35-3516-44DE-BD3F-4D3F3F03D5EE}.Debug|Any CPU.Build.0 = Debug|Any CPU
		{F111BA35-3516-44DE-BD3F-4D3F3F03D5EE}.Release|Any CPU.ActiveCfg = Release|Any CPU
		{F111BA35-3516-44DE-BD3F-4D3F3F03D5EE}.Release|Any CPU.Build.0 = Release|Any CPU
		{23FC0DE4-9069-4B04-9A09-0048E8A2F0D0}.Debug|Any CPU.ActiveCfg = Debug|Any CPU
		{23FC0DE4-9069-4B04-9A09-0048E8A2F0D0}.Debug|Any CPU.Build.0 = Debug|Any CPU
		{23FC0DE4-9069-4B04-9A09-0048E8A2F0D0}.Release|Any CPU.ActiveCfg = Release|Any CPU
		{23FC0DE4-9069-4B04-9A09-0048E8A2F0D0}.Release|Any CPU.Build.0 = Release|Any CPU
		{E7D02802-33A8-4FFE-88DA-559EE4382278}.Debug|Any CPU.ActiveCfg = Debug|Any CPU
		{E7D02802-33A8-4FFE-88DA-559EE4382278}.Debug|Any CPU.Build.0 = Debug|Any CPU
		{E7D02802-33A8-4FFE-88DA-559EE4382278}.Release|Any CPU.ActiveCfg = Release|Any CPU
		{E7D02802-33A8-4FFE-88DA-559EE4382278}.Release|Any CPU.Build.0 = Release|Any CPU
		{69D432BF-2B40-4FAE-AE5D-2B82AC83AF44}.Debug|Any CPU.ActiveCfg = Debug|Any CPU
		{69D432BF-2B40-4FAE-AE5D-2B82AC83AF44}.Debug|Any CPU.Build.0 = Debug|Any CPU
		{69D432BF-2B40-4FAE-AE5D-2B82AC83AF44}.Release|Any CPU.ActiveCfg = Release|Any CPU
		{69D432BF-2B40-4FAE-AE5D-2B82AC83AF44}.Release|Any CPU.Build.0 = Release|Any CPU
		{37ADFE9A-73E5-4888-BD01-71366FCBDB39}.Debug|Any CPU.ActiveCfg = Debug|Any CPU
		{37ADFE9A-73E5-4888-BD01-71366FCBDB39}.Debug|Any CPU.Build.0 = Debug|Any CPU
		{37ADFE9A-73E5-4888-BD01-71366FCBDB39}.Release|Any CPU.ActiveCfg = Release|Any CPU
		{37ADFE9A-73E5-4888-BD01-71366FCBDB39}.Release|Any CPU.Build.0 = Release|Any CPU
		{F513BC79-1C5D-4DA9-8479-CD2F9336F503}.Debug|Any CPU.ActiveCfg = Debug|Any CPU
		{F513BC79-1C5D-4DA9-8479-CD2F9336F503}.Debug|Any CPU.Build.0 = Debug|Any CPU
		{F513BC79-1C5D-4DA9-8479-CD2F9336F503}.Release|Any CPU.ActiveCfg = Release|Any CPU
		{F513BC79-1C5D-4DA9-8479-CD2F9336F503}.Release|Any CPU.Build.0 = Release|Any CPU
		{6943DD99-7643-43AE-809E-C984C0283741}.Debug|Any CPU.ActiveCfg = Debug|Any CPU
		{6943DD99-7643-43AE-809E-C984C0283741}.Debug|Any CPU.Build.0 = Debug|Any CPU
		{6943DD99-7643-43AE-809E-C984C0283741}.Release|Any CPU.ActiveCfg = Release|Any CPU
		{6943DD99-7643-43AE-809E-C984C0283741}.Release|Any CPU.Build.0 = Release|Any CPU
	EndGlobalSection
	GlobalSection(SolutionProperties) = preSolution
		HideSolutionNode = FALSE
	EndGlobalSection
	GlobalSection(ExtensibilityGlobals) = postSolution
		SolutionGuid = {55B008D0-71C1-4CB8-8C59-2A0699D53A49}
	EndGlobalSection
EndGlobal
